{
  "name": "ngx-loom",
  "version": "0.0.1",
  "lockfileVersion": 3,
  "requires": true,
  "packages": {
    "": {
      "name": "ngx-loom",
      "version": "0.0.1",
      "devDependencies": {
        "@types/dagre": "^0.7.52",
        "dagre": "^0.8.5",
        "nanoid": "^5.0.7",
        "transformation-matrix": "^2.16.1",
        "tslib": "^2.3.0"
      },
      "peerDependencies": {
        "@angular/common": "^17.3.0",
        "@angular/core": "^17.3.0",
        "dagre": "^0.8.5",
        "nanoid": "^5.0.7",
        "transformation-matrix": "^2.16.1"
      }
    },
    "node_modules/@angular/common": {
      "version": "17.3.6",
      "resolved": "https://registry.npmjs.org/@angular/common/-/common-17.3.6.tgz",
      "integrity": "sha512-ufviCFzQQKWcwc2j3Zi8bHbwkvqh4QU6GDH0u0usOee8xd8KrjgcYl3vD0r1/yxlDsd53Wg9kNRvz/fY+5qQoQ==",
      "peer": true,
      "dependencies": {
        "tslib": "^2.3.0"
      },
      "engines": {
        "node": "^18.13.0 || >=20.9.0"
      },
      "peerDependencies": {
        "@angular/core": "17.3.6",
        "rxjs": "^6.5.3 || ^7.4.0"
      }
    },
    "node_modules/@angular/core": {
      "version": "17.3.6",
      "resolved": "https://registry.npmjs.org/@angular/core/-/core-17.3.6.tgz",
      "integrity": "sha512-8IoeZVNqyeHA+H2dR3VFfz76/TFN1BpXP0aABs2aIUNVQRYlKxALSm1UlavijX8IT0uvd/6GXwE3WgymTcg0wg==",
      "peer": true,
      "dependencies": {
        "tslib": "^2.3.0"
      },
      "engines": {
        "node": "^18.13.0 || >=20.9.0"
      },
      "peerDependencies": {
        "rxjs": "^6.5.3 || ^7.4.0",
        "zone.js": "~0.14.0"
      }
    },
    "node_modules/@types/dagre": {
      "version": "0.7.52",
      "resolved": "https://registry.npmjs.org/@types/dagre/-/dagre-0.7.52.tgz",
      "integrity": "sha512-XKJdy+OClLk3hketHi9Qg6gTfe1F3y+UFnHxKA2rn9Dw+oXa4Gb378Ztz9HlMgZKSxpPmn4BNVh9wgkpvrK1uw==",
      "dev": true
    },
    "node_modules/dagre": {
      "version": "0.8.5",
      "resolved": "https://registry.npmjs.org/dagre/-/dagre-0.8.5.tgz",
      "integrity": "sha512-/aTqmnRta7x7MCCpExk7HQL2O4owCT2h8NT//9I1OQ9vt29Pa0BzSAkR5lwFUcQ7491yVi/3CXU9jQ5o0Mn2Sw==",
      "dev": true,
      "dependencies": {
        "graphlib": "^2.1.8",
        "lodash": "^4.17.15"
      }
    },
    "node_modules/graphlib": {
      "version": "2.1.8",
      "resolved": "https://registry.npmjs.org/graphlib/-/graphlib-2.1.8.tgz",
      "integrity": "sha512-jcLLfkpoVGmH7/InMC/1hIvOPSUh38oJtGhvrOFGzioE1DZ+0YW16RgmOJhHiuWTvGiJQ9Z1Ik43JvkRPRvE+A==",
      "dev": true,
      "dependencies": {
        "lodash": "^4.17.15"
      }
    },
    "node_modules/lodash": {
      "version": "4.17.21",
      "resolved": "https://registry.npmjs.org/lodash/-/lodash-4.17.21.tgz",
      "integrity": "sha512-v2kDEe57lecTulaDIuNTPy3Ry4gLGJ6Z1O3vE1krgXZNrsQ+LFTGHVxVjcXPs17LhbZVGedAJv8XZ1tvj5FvSg==",
      "dev": true
    },
    "node_modules/nanoid": {
      "version": "5.0.7",
      "resolved": "https://registry.npmjs.org/nanoid/-/nanoid-5.0.7.tgz",
      "integrity": "sha512-oLxFY2gd2IqnjcYyOXD8XGCftpGtZP2AbHbOkthDkvRywH5ayNtPVy9YlOPcHckXzbLTCHpkb7FB+yuxKV13pQ==",
      "dev": true,
      "funding": [
        {
          "type": "github",
          "url": "https://github.com/sponsors/ai"
        }
      ],
      "bin": {
        "nanoid": "bin/nanoid.js"
      },
      "engines": {
        "node": "^18 || >=20"
      }
    },
    "node_modules/rxjs": {
      "version": "7.8.1",
      "resolved": "https://registry.npmjs.org/rxjs/-/rxjs-7.8.1.tgz",
      "integrity": "sha512-AA3TVj+0A2iuIoQkWEK/tqFjBq2j+6PO6Y0zJcvzLAFhEFIO3HL0vls9hWLncZbAAbK0mar7oZ4V079I/qPMxg==",
      "peer": true,
      "dependencies": {
        "tslib": "^2.1.0"
      }
    },
    "node_modules/transformation-matrix": {
      "version": "2.16.1",
      "resolved": "https://registry.npmjs.org/transformation-matrix/-/transformation-matrix-2.16.1.tgz",
      "integrity": "sha512-tdtC3wxVEuzU7X/ydL131Q3JU5cPMEn37oqVLITjRDSDsnSHVFzW2JiCLfZLIQEgWzZHdSy3J6bZzvKEN24jGA==",
      "dev": true,
      "funding": {
        "url": "https://github.com/sponsors/chrvadala"
      }
    },
    "node_modules/tslib": {
      "version": "2.6.2",
      "resolved": "https://registry.npmjs.org/tslib/-/tslib-2.6.2.tgz",
      "integrity": "sha512-AEYxH93jGFPn/a2iVAwW87VuUIkR1FVUKB77NwMF7nBTDkDrrT/Hpt/IrCJ0QXhW27jTBDcf5ZY7w6RiqTMw2Q=="
    },
    "node_modules/zone.js": {
      "version": "0.14.4",
      "resolved": "https://registry.npmjs.org/zone.js/-/zone.js-0.14.4.tgz",
      "integrity": "sha512-NtTUvIlNELez7Q1DzKVIFZBzNb646boQMgpATo9z3Ftuu/gWvzxCW7jdjcUDoRGxRikrhVHB/zLXh1hxeJawvw==",
      "peer": true,
      "dependencies": {
        "tslib": "^2.3.0"
      }
    }
  }
}
